
Microsoft Visual Studio Solution File, Format Version 12.00
# Visual Studio Version 17
VisualStudioVersion = 17.5.33502.453
MinimumVisualStudioVersion = 10.0.40219.1
Project("{FAE04EC0-301F-11D3-BF4B-00C04F79EFBC}") = "Day4B_ObjectorientedPractice", "Day4B_ObjectorientedPractice\Day4B_ObjectorientedPractice.csproj", "{63F80E00-45EA-40CC-8FE9-7A2E74940AAE}"
EndProject
Global
	GlobalSection(SolutionConfigurationPlatforms) = preSolution
		Debug|Any CPU = Debug|Any CPU
		Release|Any CPU = Release|Any CPU
	EndGlobalSection
	GlobalSection(ProjectConfigurationPlatforms) = postSolution
		{63F80E00-45EA-40CC-8FE9-7A2E74940AAE}.Debug|Any CPU.ActiveCfg = Debug|Any CPU
		{63F80E00-45EA-40CC-8FE9-7A2E74940AAE}.Debug|Any CPU.Build.0 = Debug|Any CPU
		{63F80E00-45EA-40CC-8FE9-7A2E74940AAE}.Release|Any CPU.ActiveCfg = Release|Any CPU
		{63F80E00-45EA-40CC-8FE9-7A2E74940AAE}.Release|Any CPU.Build.0 = Release|Any CPU
	EndGlobalSection
	GlobalSection(SolutionProperties) = preSolution
		HideSolutionNode = FALSE
	EndGlobalSection
	GlobalSection(ExtensibilityGlobals) = postSolution
		SolutionGuid = {6CC7BB6C-A692-4E68-B2BF-F8B2C43E9D42}
	EndGlobalSection
EndGlobal
